// !$*UTF8*$!
{
	archiveVersion = 1;
	classes = {
	};
	objectVersion = 50;
	objects = {

/* Begin PBXBuildFile section */
		0F0F805A276C91FD0012597F /* TouCAN_Driver.c in Sources */ = {isa = PBXBuildFile; fileRef = 0F0F8057276C8FC40012597F /* TouCAN_Driver.c */; };
		0F0F805B276C92030012597F /* can_api.c in Sources */ = {isa = PBXBuildFile; fileRef = 0F0F8058276C8FF80012597F /* can_api.c */; };
		0F0F8061276D1CCD0012597F /* TouCAN_USB_Driver.c in Sources */ = {isa = PBXBuildFile; fileRef = 0F0F805D276D133C0012597F /* TouCAN_USB_Driver.c */; };
		0F0F8062276D1CD40012597F /* TouCAN_USB_Device.c in Sources */ = {isa = PBXBuildFile; fileRef = 0F0F805E276D133C0012597F /* TouCAN_USB_Device.c */; };
		0F60A9E623F803E800D34D0E /* TouCAN_USB.c in Sources */ = {isa = PBXBuildFile; fileRef = 0F60A9E423F803E800D34D0E /* TouCAN_USB.c */; };
		0F60A9F023F8043100D34D0E /* MacCAN_Devices.c in Sources */ = {isa = PBXBuildFile; fileRef = 0F60A9EB23F8043100D34D0E /* MacCAN_Devices.c */; };
		0F60A9F123F8043100D34D0E /* MacCAN_IOUsbKit.c in Sources */ = {isa = PBXBuildFile; fileRef = 0F60A9EC23F8043100D34D0E /* MacCAN_IOUsbKit.c */; };
		0F60A9F223F8043100D34D0E /* MacCAN_Debug.c in Sources */ = {isa = PBXBuildFile; fileRef = 0F60A9EE23F8043100D34D0E /* MacCAN_Debug.c */; };
		0F68BB0F24104206005DAB17 /* can_btr.c in Sources */ = {isa = PBXBuildFile; fileRef = 0F68BB0D24104206005DAB17 /* can_btr.c */; };
		0F8B2A9E259F60BA00C8841C /* MacCAN_MsgQueue.c in Sources */ = {isa = PBXBuildFile; fileRef = 0F8B2A9D259F60BA00C8841C /* MacCAN_MsgQueue.c */; };
		0FC21A0D276E77A900863E5A /* TouCAN.cpp in Sources */ = {isa = PBXBuildFile; fileRef = 0F60A9E223F803E800D34D0E /* TouCAN.cpp */; };
		0FC21A12276E90C100863E5A /* main.cpp in Sources */ = {isa = PBXBuildFile; fileRef = 0FC21A11276E90BC00863E5A /* main.cpp */; };
		44912E6D27BD9707000EE31D /* Timer.cpp in Sources */ = {isa = PBXBuildFile; fileRef = 44912E5727BD9707000EE31D /* Timer.cpp */; };
		44912E6E27BD9707000EE31D /* test_can_version.mm in Sources */ = {isa = PBXBuildFile; fileRef = 44912E5827BD9707000EE31D /* test_can_version.mm */; };
		44912E6F27BD9707000EE31D /* test_can_test.mm in Sources */ = {isa = PBXBuildFile; fileRef = 44912E5927BD9707000EE31D /* test_can_test.mm */; };
		44912E7027BD9707000EE31D /* test_can_read.mm in Sources */ = {isa = PBXBuildFile; fileRef = 44912E5B27BD9707000EE31D /* test_can_read.mm */; };
		44912E7127BD9707000EE31D /* test_can_start.mm in Sources */ = {isa = PBXBuildFile; fileRef = 44912E5E27BD9707000EE31D /* test_can_start.mm */; };
		44912E7227BD9707000EE31D /* test_can_reset.mm in Sources */ = {isa = PBXBuildFile; fileRef = 44912E5F27BD9707000EE31D /* test_can_reset.mm */; };
		44912E7327BD9707000EE31D /* test_can_status.mm in Sources */ = {isa = PBXBuildFile; fileRef = 44912E6027BD9707000EE31D /* test_can_status.mm */; };
		44912E7427BD9707000EE31D /* Tester.cpp in Sources */ = {isa = PBXBuildFile; fileRef = 44912E6127BD9707000EE31D /* Tester.cpp */; };
		44912E7527BD9707000EE31D /* test_can_busload.mm in Sources */ = {isa = PBXBuildFile; fileRef = 44912E6327BD9707000EE31D /* test_can_busload.mm */; };
		44912E7627BD9707000EE31D /* test_can_kill.mm in Sources */ = {isa = PBXBuildFile; fileRef = 44912E6427BD9707000EE31D /* test_can_kill.mm */; };
		44912E7727BD9707000EE31D /* test_can_hardware.mm in Sources */ = {isa = PBXBuildFile; fileRef = 44912E6527BD9707000EE31D /* test_can_hardware.mm */; };
		44912E7827BD9707000EE31D /* test_can_bitrate.mm in Sources */ = {isa = PBXBuildFile; fileRef = 44912E6627BD9707000EE31D /* test_can_bitrate.mm */; };
		44912E7927BD9707000EE31D /* test_can_firmware.mm in Sources */ = {isa = PBXBuildFile; fileRef = 44912E6727BD9707000EE31D /* test_can_firmware.mm */; };
		44912E7A27BD9707000EE31D /* test_can_exit.mm in Sources */ = {isa = PBXBuildFile; fileRef = 44912E6827BD9707000EE31D /* test_can_exit.mm */; };
		44912E7B27BD9707000EE31D /* test_can_init.mm in Sources */ = {isa = PBXBuildFile; fileRef = 44912E6927BD9707000EE31D /* test_can_init.mm */; };
		44912E7C27BD9707000EE31D /* test_can_property.mm in Sources */ = {isa = PBXBuildFile; fileRef = 44912E6A27BD9707000EE31D /* test_can_property.mm */; };
		44912E7D27BD9707000EE31D /* test_can_write.mm in Sources */ = {isa = PBXBuildFile; fileRef = 44912E6B27BD9707000EE31D /* test_can_write.mm */; };
		44912E7E27BD9707000EE31D /* Testing.mm in Sources */ = {isa = PBXBuildFile; fileRef = 44912E6C27BD9707000EE31D /* Testing.mm */; };
		44912E7F27BD9714000EE31D /* can_api.c in Sources */ = {isa = PBXBuildFile; fileRef = 0F0F8058276C8FF80012597F /* can_api.c */; };
		44912E8027BD971E000EE31D /* can_btr.c in Sources */ = {isa = PBXBuildFile; fileRef = 0F68BB0D24104206005DAB17 /* can_btr.c */; };
		44912E8127BD9725000EE31D /* MacCAN_IOUsbKit.c in Sources */ = {isa = PBXBuildFile; fileRef = 0F60A9EC23F8043100D34D0E /* MacCAN_IOUsbKit.c */; };
		44912E8227BD9729000EE31D /* MacCAN_MsgQueue.c in Sources */ = {isa = PBXBuildFile; fileRef = 0F8B2A9D259F60BA00C8841C /* MacCAN_MsgQueue.c */; };
		44912E8327BD972D000EE31D /* MacCAN_Devices.c in Sources */ = {isa = PBXBuildFile; fileRef = 0F60A9EB23F8043100D34D0E /* MacCAN_Devices.c */; };
		44912E8427BD9734000EE31D /* MacCAN_Debug.c in Sources */ = {isa = PBXBuildFile; fileRef = 0F60A9EE23F8043100D34D0E /* MacCAN_Debug.c */; };
		44912E8527BD9738000EE31D /* TouCAN_USB_Device.c in Sources */ = {isa = PBXBuildFile; fileRef = 0F0F805E276D133C0012597F /* TouCAN_USB_Device.c */; };
		44912E8627BD973D000EE31D /* TouCAN_USB.c in Sources */ = {isa = PBXBuildFile; fileRef = 0F60A9E423F803E800D34D0E /* TouCAN_USB.c */; };
		44912E8727BD9742000EE31D /* TouCAN_USB_Driver.c in Sources */ = {isa = PBXBuildFile; fileRef = 0F0F805D276D133C0012597F /* TouCAN_USB_Driver.c */; };
		44912E8827BD9747000EE31D /* TouCAN_Driver.c in Sources */ = {isa = PBXBuildFile; fileRef = 0F0F8057276C8FC40012597F /* TouCAN_Driver.c */; };
		44912E8927BD974E000EE31D /* TouCAN.cpp in Sources */ = {isa = PBXBuildFile; fileRef = 0F60A9E223F803E800D34D0E /* TouCAN.cpp */; };
/* End PBXBuildFile section */

/* Begin PBXCopyFilesBuildPhase section */
		0F60A9BB23F7FDD700D34D0E /* CopyFiles */ = {
			isa = PBXCopyFilesBuildPhase;
			buildActionMask = 2147483647;
			dstPath = /usr/share/man/man1/;
			dstSubfolderSpec = 0;
			files = (
			);
			runOnlyForDeploymentPostprocessing = 1;
		};
/* End PBXCopyFilesBuildPhase section */

/* Begin PBXFileReference section */
		0F0F8056276C8FC40012597F /* TouCAN_Driver.h */ = {isa = PBXFileReference; lastKnownFileType = sourcecode.c.h; name = TouCAN_Driver.h; path = ../../Sources/Driver/TouCAN_Driver.h; sourceTree = "<group>"; };
		0F0F8057276C8FC40012597F /* TouCAN_Driver.c */ = {isa = PBXFileReference; lastKnownFileType = sourcecode.c.c; name = TouCAN_Driver.c; path = ../../Sources/Driver/TouCAN_Driver.c; sourceTree = "<group>"; };
		0F0F8058276C8FF80012597F /* can_api.c */ = {isa = PBXFileReference; lastKnownFileType = sourcecode.c.c; name = can_api.c; path = ../../Sources/Wrapper/can_api.c; sourceTree = "<group>"; };
		0F0F8059276C8FF80012597F /* can_defs.h */ = {isa = PBXFileReference; lastKnownFileType = sourcecode.c.h; name = can_defs.h; path = ../../Sources/Wrapper/can_defs.h; sourceTree = "<group>"; };
		0F0F805C276C98C20012597F /* TouCAN_Defines.h */ = {isa = PBXFileReference; lastKnownFileType = sourcecode.c.h; name = TouCAN_Defines.h; path = ../../Sources/TouCAN_Defines.h; sourceTree = "<group>"; };
		0F0F805D276D133C0012597F /* TouCAN_USB_Driver.c */ = {isa = PBXFileReference; lastKnownFileType = sourcecode.c.c; name = TouCAN_USB_Driver.c; path = ../../Sources/Driver/TouCAN_USB_Driver.c; sourceTree = "<group>"; };
		0F0F805E276D133C0012597F /* TouCAN_USB_Device.c */ = {isa = PBXFileReference; lastKnownFileType = sourcecode.c.c; name = TouCAN_USB_Device.c; path = ../../Sources/Driver/TouCAN_USB_Device.c; sourceTree = "<group>"; };
		0F0F805F276D133C0012597F /* TouCAN_USB_Driver.h */ = {isa = PBXFileReference; lastKnownFileType = sourcecode.c.h; name = TouCAN_USB_Driver.h; path = ../../Sources/Driver/TouCAN_USB_Driver.h; sourceTree = "<group>"; };
		0F0F8060276D133C0012597F /* TouCAN_USB_Device.h */ = {isa = PBXFileReference; lastKnownFileType = sourcecode.c.h; name = TouCAN_USB_Device.h; path = ../../Sources/Driver/TouCAN_USB_Device.h; sourceTree = "<group>"; };
		0F39ACF8240D918300DA8EF5 /* CANAPI_Types.h */ = {isa = PBXFileReference; fileEncoding = 4; lastKnownFileType = sourcecode.c.h; name = CANAPI_Types.h; path = ../../Sources/CANAPI/CANAPI_Types.h; sourceTree = "<group>"; };
		0F60A9BD23F7FDD700D34D0E /* TouCAN */ = {isa = PBXFileReference; explicitFileType = "compiled.mach-o.executable"; includeInIndex = 0; path = TouCAN; sourceTree = BUILT_PRODUCTS_DIR; };
		0F60A9E123F803E800D34D0E /* TouCAN.h */ = {isa = PBXFileReference; fileEncoding = 4; lastKnownFileType = sourcecode.c.h; name = TouCAN.h; path = ../../Sources/TouCAN.h; sourceTree = "<group>"; };
		0F60A9E223F803E800D34D0E /* TouCAN.cpp */ = {isa = PBXFileReference; fileEncoding = 4; lastKnownFileType = sourcecode.cpp.cpp; name = TouCAN.cpp; path = ../../Sources/TouCAN.cpp; sourceTree = "<group>"; };
		0F60A9E323F803E800D34D0E /* TouCAN_USB.h */ = {isa = PBXFileReference; fileEncoding = 4; lastKnownFileType = sourcecode.c.h; name = TouCAN_USB.h; path = ../../Sources/Driver/TouCAN_USB.h; sourceTree = "<group>"; };
		0F60A9E423F803E800D34D0E /* TouCAN_USB.c */ = {isa = PBXFileReference; fileEncoding = 4; lastKnownFileType = sourcecode.c.c; name = TouCAN_USB.c; path = ../../Sources/Driver/TouCAN_USB.c; sourceTree = "<group>"; };
		0F60A9E823F8043100D34D0E /* MacCAN_Devices.h */ = {isa = PBXFileReference; fileEncoding = 4; lastKnownFileType = sourcecode.c.h; name = MacCAN_Devices.h; path = ../../Sources/MacCAN/MacCAN_Devices.h; sourceTree = "<group>"; };
		0F60A9E923F8043100D34D0E /* MacCAN_Debug.h */ = {isa = PBXFileReference; fileEncoding = 4; lastKnownFileType = sourcecode.c.h; name = MacCAN_Debug.h; path = ../../Sources/MacCAN/MacCAN_Debug.h; sourceTree = "<group>"; };
		0F60A9EB23F8043100D34D0E /* MacCAN_Devices.c */ = {isa = PBXFileReference; fileEncoding = 4; lastKnownFileType = sourcecode.c.c; name = MacCAN_Devices.c; path = ../../Sources/MacCAN/MacCAN_Devices.c; sourceTree = "<group>"; };
		0F60A9EC23F8043100D34D0E /* MacCAN_IOUsbKit.c */ = {isa = PBXFileReference; fileEncoding = 4; lastKnownFileType = sourcecode.c.c; name = MacCAN_IOUsbKit.c; path = ../../Sources/MacCAN/MacCAN_IOUsbKit.c; sourceTree = "<group>"; };
		0F60A9ED23F8043100D34D0E /* MacCAN_IOUsbKit.h */ = {isa = PBXFileReference; fileEncoding = 4; lastKnownFileType = sourcecode.c.h; name = MacCAN_IOUsbKit.h; path = ../../Sources/MacCAN/MacCAN_IOUsbKit.h; sourceTree = "<group>"; };
		0F60A9EE23F8043100D34D0E /* MacCAN_Debug.c */ = {isa = PBXFileReference; fileEncoding = 4; lastKnownFileType = sourcecode.c.c; name = MacCAN_Debug.c; path = ../../Sources/MacCAN/MacCAN_Debug.c; sourceTree = "<group>"; };
		0F68BB0D24104206005DAB17 /* can_btr.c */ = {isa = PBXFileReference; fileEncoding = 4; lastKnownFileType = sourcecode.c.c; name = can_btr.c; path = ../../Sources/CANAPI/can_btr.c; sourceTree = "<group>"; };
		0F68BB0E24104206005DAB17 /* can_btr.h */ = {isa = PBXFileReference; fileEncoding = 4; lastKnownFileType = sourcecode.c.h; name = can_btr.h; path = ../../Sources/CANAPI/can_btr.h; sourceTree = "<group>"; };
		0F6B18D72420164300545209 /* can_msg.c */ = {isa = PBXFileReference; fileEncoding = 4; lastKnownFileType = sourcecode.c.c; name = can_msg.c; path = ../../Sources/CANAPI/can_msg.c; sourceTree = "<group>"; };
		0F6B18D82420164300545209 /* can_msg.h */ = {isa = PBXFileReference; fileEncoding = 4; lastKnownFileType = sourcecode.c.h; name = can_msg.h; path = ../../Sources/CANAPI/can_msg.h; sourceTree = "<group>"; };
		0F7FF6F7276BE741000033BE /* TouCAN_USB_Common.h */ = {isa = PBXFileReference; lastKnownFileType = sourcecode.c.h; name = TouCAN_USB_Common.h; path = ../../Sources/Driver/TouCAN_USB_Common.h; sourceTree = "<group>"; };
		0F8B2A9B259F60BA00C8841C /* MacCAN_MsgQueue.h */ = {isa = PBXFileReference; fileEncoding = 4; lastKnownFileType = sourcecode.c.h; name = MacCAN_MsgQueue.h; path = ../../Sources/MacCAN/MacCAN_MsgQueue.h; sourceTree = "<group>"; };
		0F8B2A9C259F60BA00C8841C /* MacCAN_Common.h */ = {isa = PBXFileReference; fileEncoding = 4; lastKnownFileType = sourcecode.c.h; name = MacCAN_Common.h; path = ../../Sources/MacCAN/MacCAN_Common.h; sourceTree = "<group>"; };
		0F8B2A9D259F60BA00C8841C /* MacCAN_MsgQueue.c */ = {isa = PBXFileReference; fileEncoding = 4; lastKnownFileType = sourcecode.c.c; name = MacCAN_MsgQueue.c; path = ../../Sources/MacCAN/MacCAN_MsgQueue.c; sourceTree = "<group>"; };
		0FC21A0E276E78C900863E5A /* CANAPI.h */ = {isa = PBXFileReference; lastKnownFileType = sourcecode.c.h; name = CANAPI.h; path = ../../Sources/CANAPI/CANAPI.h; sourceTree = "<group>"; };
		0FC21A0F276E78C900863E5A /* can_api.h */ = {isa = PBXFileReference; lastKnownFileType = sourcecode.c.h; name = can_api.h; path = ../../Sources/CANAPI/can_api.h; sourceTree = "<group>"; };
		0FC21A10276E78C900863E5A /* CANAPI_Defines.h */ = {isa = PBXFileReference; lastKnownFileType = sourcecode.c.h; name = CANAPI_Defines.h; path = ../../Sources/CANAPI/CANAPI_Defines.h; sourceTree = "<group>"; };
		0FC21A11276E90BC00863E5A /* main.cpp */ = {isa = PBXFileReference; lastKnownFileType = sourcecode.cpp.cpp; path = main.cpp; sourceTree = "<group>"; };
		0FFF2C3623FB2D6500AAC0C0 /* build_no.h */ = {isa = PBXFileReference; fileEncoding = 4; lastKnownFileType = sourcecode.c.h; name = build_no.h; path = ../../Sources/build_no.h; sourceTree = "<group>"; };
		44912E4E27BD95B0000EE31D /* Testing.xctest */ = {isa = PBXFileReference; explicitFileType = wrapper.cfbundle; includeInIndex = 0; path = Testing.xctest; sourceTree = BUILT_PRODUCTS_DIR; };
		44912E5727BD9707000EE31D /* Timer.cpp */ = {isa = PBXFileReference; fileEncoding = 4; lastKnownFileType = sourcecode.cpp.cpp; name = Timer.cpp; path = ../Tests/UnitTests/Timer.cpp; sourceTree = "<group>"; };
		44912E5827BD9707000EE31D /* test_can_version.mm */ = {isa = PBXFileReference; fileEncoding = 4; lastKnownFileType = sourcecode.cpp.objcpp; name = test_can_version.mm; path = ../Tests/UnitTests/test_can_version.mm; sourceTree = "<group>"; };
		44912E5927BD9707000EE31D /* test_can_test.mm */ = {isa = PBXFileReference; fileEncoding = 4; lastKnownFileType = sourcecode.cpp.objcpp; name = test_can_test.mm; path = ../Tests/UnitTests/test_can_test.mm; sourceTree = "<group>"; };
		44912E5A27BD9707000EE31D /* Settings.h */ = {isa = PBXFileReference; fileEncoding = 4; lastKnownFileType = sourcecode.c.h; name = Settings.h; path = ../Tests/UnitTests/Settings.h; sourceTree = "<group>"; };
		44912E5B27BD9707000EE31D /* test_can_read.mm */ = {isa = PBXFileReference; fileEncoding = 4; lastKnownFileType = sourcecode.cpp.objcpp; name = test_can_read.mm; path = ../Tests/UnitTests/test_can_read.mm; sourceTree = "<group>"; };
		44912E5C27BD9707000EE31D /* Driver.h */ = {isa = PBXFileReference; fileEncoding = 4; lastKnownFileType = sourcecode.c.h; name = Driver.h; path = ../Tests/UnitTests/Driver.h; sourceTree = "<group>"; };
		44912E5D27BD9707000EE31D /* Tester.h */ = {isa = PBXFileReference; fileEncoding = 4; lastKnownFileType = sourcecode.c.h; name = Tester.h; path = ../Tests/UnitTests/Tester.h; sourceTree = "<group>"; };
		44912E5E27BD9707000EE31D /* test_can_start.mm */ = {isa = PBXFileReference; fileEncoding = 4; lastKnownFileType = sourcecode.cpp.objcpp; name = test_can_start.mm; path = ../Tests/UnitTests/test_can_start.mm; sourceTree = "<group>"; };
		44912E5F27BD9707000EE31D /* test_can_reset.mm */ = {isa = PBXFileReference; fileEncoding = 4; lastKnownFileType = sourcecode.cpp.objcpp; name = test_can_reset.mm; path = ../Tests/UnitTests/test_can_reset.mm; sourceTree = "<group>"; };
		44912E6027BD9707000EE31D /* test_can_status.mm */ = {isa = PBXFileReference; fileEncoding = 4; lastKnownFileType = sourcecode.cpp.objcpp; name = test_can_status.mm; path = ../Tests/UnitTests/test_can_status.mm; sourceTree = "<group>"; };
		44912E6127BD9707000EE31D /* Tester.cpp */ = {isa = PBXFileReference; fileEncoding = 4; lastKnownFileType = sourcecode.cpp.cpp; name = Tester.cpp; path = ../Tests/UnitTests/Tester.cpp; sourceTree = "<group>"; };
		44912E6227BD9707000EE31D /* Timer.h */ = {isa = PBXFileReference; fileEncoding = 4; lastKnownFileType = sourcecode.c.h; name = Timer.h; path = ../Tests/UnitTests/Timer.h; sourceTree = "<group>"; };
		44912E6327BD9707000EE31D /* test_can_busload.mm */ = {isa = PBXFileReference; fileEncoding = 4; lastKnownFileType = sourcecode.cpp.objcpp; name = test_can_busload.mm; path = ../Tests/UnitTests/test_can_busload.mm; sourceTree = "<group>"; };
		44912E6427BD9707000EE31D /* test_can_kill.mm */ = {isa = PBXFileReference; fileEncoding = 4; lastKnownFileType = sourcecode.cpp.objcpp; name = test_can_kill.mm; path = ../Tests/UnitTests/test_can_kill.mm; sourceTree = "<group>"; };
		44912E6527BD9707000EE31D /* test_can_hardware.mm */ = {isa = PBXFileReference; fileEncoding = 4; lastKnownFileType = sourcecode.cpp.objcpp; name = test_can_hardware.mm; path = ../Tests/UnitTests/test_can_hardware.mm; sourceTree = "<group>"; };
		44912E6627BD9707000EE31D /* test_can_bitrate.mm */ = {isa = PBXFileReference; fileEncoding = 4; lastKnownFileType = sourcecode.cpp.objcpp; name = test_can_bitrate.mm; path = ../Tests/UnitTests/test_can_bitrate.mm; sourceTree = "<group>"; };
		44912E6727BD9707000EE31D /* test_can_firmware.mm */ = {isa = PBXFileReference; fileEncoding = 4; lastKnownFileType = sourcecode.cpp.objcpp; name = test_can_firmware.mm; path = ../Tests/UnitTests/test_can_firmware.mm; sourceTree = "<group>"; };
		44912E6827BD9707000EE31D /* test_can_exit.mm */ = {isa = PBXFileReference; fileEncoding = 4; lastKnownFileType = sourcecode.cpp.objcpp; name = test_can_exit.mm; path = ../Tests/UnitTests/test_can_exit.mm; sourceTree = "<group>"; };
		44912E6927BD9707000EE31D /* test_can_init.mm */ = {isa = PBXFileReference; fileEncoding = 4; lastKnownFileType = sourcecode.cpp.objcpp; name = test_can_init.mm; path = ../Tests/UnitTests/test_can_init.mm; sourceTree = "<group>"; };
		44912E6A27BD9707000EE31D /* test_can_property.mm */ = {isa = PBXFileReference; fileEncoding = 4; lastKnownFileType = sourcecode.cpp.objcpp; name = test_can_property.mm; path = ../Tests/UnitTests/test_can_property.mm; sourceTree = "<group>"; };
		44912E6B27BD9707000EE31D /* test_can_write.mm */ = {isa = PBXFileReference; fileEncoding = 4; lastKnownFileType = sourcecode.cpp.objcpp; name = test_can_write.mm; path = ../Tests/UnitTests/test_can_write.mm; sourceTree = "<group>"; };
		44912E6C27BD9707000EE31D /* Testing.mm */ = {isa = PBXFileReference; fileEncoding = 4; lastKnownFileType = sourcecode.cpp.objcpp; name = Testing.mm; path = ../Tests/UnitTests/Testing.mm; sourceTree = "<group>"; };
/* End PBXFileReference section */

/* Begin PBXFrameworksBuildPhase section */
		0F60A9BA23F7FDD700D34D0E /* Frameworks */ = {
			isa = PBXFrameworksBuildPhase;
			buildActionMask = 2147483647;
			files = (
			);
			runOnlyForDeploymentPostprocessing = 0;
		};
		44912E4B27BD95B0000EE31D /* Frameworks */ = {
			isa = PBXFrameworksBuildPhase;
			buildActionMask = 2147483647;
			files = (
			);
			runOnlyForDeploymentPostprocessing = 0;
		};
/* End PBXFrameworksBuildPhase section */

/* Begin PBXGroup section */
		0F60A9B423F7FDD700D34D0E = {
			isa = PBXGroup;
			children = (
				0F60A9BF23F7FDD700D34D0E /* Sources */,
				44912E5627BD9629000EE31D /* Testing */,
				0F60A9BE23F7FDD700D34D0E /* Products */,
			);
			sourceTree = "<group>";
		};
		0F60A9BE23F7FDD700D34D0E /* Products */ = {
			isa = PBXGroup;
			children = (
				0F60A9BD23F7FDD700D34D0E /* TouCAN */,
				44912E4E27BD95B0000EE31D /* Testing.xctest */,
			);
			name = Products;
			sourceTree = "<group>";
		};
		0F60A9BF23F7FDD700D34D0E /* Sources */ = {
			isa = PBXGroup;
			children = (
				0F0F8059276C8FF80012597F /* can_defs.h */,
				0F0F8058276C8FF80012597F /* can_api.c */,
				0FC21A0F276E78C900863E5A /* can_api.h */,
				0F68BB0D24104206005DAB17 /* can_btr.c */,
				0F68BB0E24104206005DAB17 /* can_btr.h */,
				0F6B18D72420164300545209 /* can_msg.c */,
				0F6B18D82420164300545209 /* can_msg.h */,
				0FC21A0E276E78C900863E5A /* CANAPI.h */,
				0F39ACF8240D918300DA8EF5 /* CANAPI_Types.h */,
				0FC21A10276E78C900863E5A /* CANAPI_Defines.h */,
				0F8B2A9C259F60BA00C8841C /* MacCAN_Common.h */,
				0F60A9EC23F8043100D34D0E /* MacCAN_IOUsbKit.c */,
				0F60A9ED23F8043100D34D0E /* MacCAN_IOUsbKit.h */,
				0F8B2A9D259F60BA00C8841C /* MacCAN_MsgQueue.c */,
				0F8B2A9B259F60BA00C8841C /* MacCAN_MsgQueue.h */,
				0F60A9EB23F8043100D34D0E /* MacCAN_Devices.c */,
				0F60A9E823F8043100D34D0E /* MacCAN_Devices.h */,
				0F60A9EE23F8043100D34D0E /* MacCAN_Debug.c */,
				0F60A9E923F8043100D34D0E /* MacCAN_Debug.h */,
				0F0F805E276D133C0012597F /* TouCAN_USB_Device.c */,
				0F0F8060276D133C0012597F /* TouCAN_USB_Device.h */,
				0F7FF6F7276BE741000033BE /* TouCAN_USB_Common.h */,
				0F60A9E423F803E800D34D0E /* TouCAN_USB.c */,
				0F60A9E323F803E800D34D0E /* TouCAN_USB.h */,
				0F0F805D276D133C0012597F /* TouCAN_USB_Driver.c */,
				0F0F805F276D133C0012597F /* TouCAN_USB_Driver.h */,
				0F0F8057276C8FC40012597F /* TouCAN_Driver.c */,
				0F0F8056276C8FC40012597F /* TouCAN_Driver.h */,
				0F0F805C276C98C20012597F /* TouCAN_Defines.h */,
				0F60A9E223F803E800D34D0E /* TouCAN.cpp */,
				0F60A9E123F803E800D34D0E /* TouCAN.h */,
				0FFF2C3623FB2D6500AAC0C0 /* build_no.h */,
				0FC21A11276E90BC00863E5A /* main.cpp */,
			);
			path = Sources;
			sourceTree = "<group>";
		};
		44912E5627BD9629000EE31D /* Testing */ = {
			isa = PBXGroup;
			children = (
				44912E5C27BD9707000EE31D /* Driver.h */,
				44912E5A27BD9707000EE31D /* Settings.h */,
				44912E6627BD9707000EE31D /* test_can_bitrate.mm */,
				44912E6327BD9707000EE31D /* test_can_busload.mm */,
				44912E6827BD9707000EE31D /* test_can_exit.mm */,
				44912E6727BD9707000EE31D /* test_can_firmware.mm */,
				44912E6527BD9707000EE31D /* test_can_hardware.mm */,
				44912E6927BD9707000EE31D /* test_can_init.mm */,
				44912E6427BD9707000EE31D /* test_can_kill.mm */,
				44912E6A27BD9707000EE31D /* test_can_property.mm */,
				44912E5B27BD9707000EE31D /* test_can_read.mm */,
				44912E5F27BD9707000EE31D /* test_can_reset.mm */,
				44912E5E27BD9707000EE31D /* test_can_start.mm */,
				44912E6027BD9707000EE31D /* test_can_status.mm */,
				44912E5927BD9707000EE31D /* test_can_test.mm */,
				44912E5827BD9707000EE31D /* test_can_version.mm */,
				44912E6B27BD9707000EE31D /* test_can_write.mm */,
				44912E6127BD9707000EE31D /* Tester.cpp */,
				44912E5D27BD9707000EE31D /* Tester.h */,
				44912E6C27BD9707000EE31D /* Testing.mm */,
				44912E5727BD9707000EE31D /* Timer.cpp */,
				44912E6227BD9707000EE31D /* Timer.h */,
			);
			name = Testing;
			sourceTree = "<group>";
		};
/* End PBXGroup section */

/* Begin PBXNativeTarget section */
		0F60A9BC23F7FDD700D34D0E /* TouCAN */ = {
			isa = PBXNativeTarget;
			buildConfigurationList = 0F60A9C423F7FDD700D34D0E /* Build configuration list for PBXNativeTarget "TouCAN" */;
			buildPhases = (
				0F60A9B923F7FDD700D34D0E /* Sources */,
				0F60A9BA23F7FDD700D34D0E /* Frameworks */,
				0F60A9BB23F7FDD700D34D0E /* CopyFiles */,
			);
			buildRules = (
			);
			dependencies = (
			);
			name = TouCAN;
			productName = TouCAN;
			productReference = 0F60A9BD23F7FDD700D34D0E /* TouCAN */;
			productType = "com.apple.product-type.tool";
		};
		44912E4D27BD95B0000EE31D /* Testing */ = {
			isa = PBXNativeTarget;
			buildConfigurationList = 44912E5427BD95B0000EE31D /* Build configuration list for PBXNativeTarget "Testing" */;
			buildPhases = (
				44912E4A27BD95B0000EE31D /* Sources */,
				44912E4B27BD95B0000EE31D /* Frameworks */,
				44912E4C27BD95B0000EE31D /* Resources */,
			);
			buildRules = (
			);
			dependencies = (
			);
			name = Testing;
			productName = Testing;
			productReference = 44912E4E27BD95B0000EE31D /* Testing.xctest */;
			productType = "com.apple.product-type.bundle.unit-test";
		};
/* End PBXNativeTarget section */

/* Begin PBXProject section */
		0F60A9B523F7FDD700D34D0E /* Project object */ = {
			isa = PBXProject;
			attributes = {
				LastUpgradeCheck = 1240;
				ORGANIZATIONNAME = "UV Software, Berlin";
				TargetAttributes = {
					0F60A9BC23F7FDD700D34D0E = {
						CreatedOnToolsVersion = 11.3.1;
					};
					44912E4D27BD95B0000EE31D = {
						CreatedOnToolsVersion = 13.2.1;
					};
				};
			};
			buildConfigurationList = 0F60A9B823F7FDD700D34D0E /* Build configuration list for PBXProject "TouCAN" */;
			compatibilityVersion = "Xcode 9.3";
			developmentRegion = en;
			hasScannedForEncodings = 0;
			knownRegions = (
				en,
				Base,
			);
			mainGroup = 0F60A9B423F7FDD700D34D0E;
			productRefGroup = 0F60A9BE23F7FDD700D34D0E /* Products */;
			projectDirPath = "";
			projectRoot = "";
			targets = (
				0F60A9BC23F7FDD700D34D0E /* TouCAN */,
				44912E4D27BD95B0000EE31D /* Testing */,
			);
		};
/* End PBXProject section */

/* Begin PBXResourcesBuildPhase section */
		44912E4C27BD95B0000EE31D /* Resources */ = {
			isa = PBXResourcesBuildPhase;
			buildActionMask = 2147483647;
			files = (
			);
			runOnlyForDeploymentPostprocessing = 0;
		};
/* End PBXResourcesBuildPhase section */

/* Begin PBXSourcesBuildPhase section */
		0F60A9B923F7FDD700D34D0E /* Sources */ = {
			isa = PBXSourcesBuildPhase;
			buildActionMask = 2147483647;
			files = (
				0F0F8061276D1CCD0012597F /* TouCAN_USB_Driver.c in Sources */,
				0F0F805A276C91FD0012597F /* TouCAN_Driver.c in Sources */,
				0FC21A0D276E77A900863E5A /* TouCAN.cpp in Sources */,
				0F60A9E623F803E800D34D0E /* TouCAN_USB.c in Sources */,
				0F8B2A9E259F60BA00C8841C /* MacCAN_MsgQueue.c in Sources */,
				0F60A9F123F8043100D34D0E /* MacCAN_IOUsbKit.c in Sources */,
				0FC21A12276E90C100863E5A /* main.cpp in Sources */,
				0F60A9F023F8043100D34D0E /* MacCAN_Devices.c in Sources */,
				0F60A9F223F8043100D34D0E /* MacCAN_Debug.c in Sources */,
				0F0F805B276C92030012597F /* can_api.c in Sources */,
				0F68BB0F24104206005DAB17 /* can_btr.c in Sources */,
				0F0F8062276D1CD40012597F /* TouCAN_USB_Device.c in Sources */,
			);
			runOnlyForDeploymentPostprocessing = 0;
		};
		44912E4A27BD95B0000EE31D /* Sources */ = {
			isa = PBXSourcesBuildPhase;
			buildActionMask = 2147483647;
			files = (
				44912E7627BD9707000EE31D /* test_can_kill.mm in Sources */,
				44912E7C27BD9707000EE31D /* test_can_property.mm in Sources */,
				44912E7127BD9707000EE31D /* test_can_start.mm in Sources */,
				44912E8027BD971E000EE31D /* can_btr.c in Sources */,
				44912E8727BD9742000EE31D /* TouCAN_USB_Driver.c in Sources */,
				44912E8527BD9738000EE31D /* TouCAN_USB_Device.c in Sources */,
				44912E7327BD9707000EE31D /* test_can_status.mm in Sources */,
				44912E7D27BD9707000EE31D /* test_can_write.mm in Sources */,
				44912E7527BD9707000EE31D /* test_can_busload.mm in Sources */,
				44912E8827BD9747000EE31D /* TouCAN_Driver.c in Sources */,
				44912E8927BD974E000EE31D /* TouCAN.cpp in Sources */,
				44912E7427BD9707000EE31D /* Tester.cpp in Sources */,
				44912E8427BD9734000EE31D /* MacCAN_Debug.c in Sources */,
				44912E7027BD9707000EE31D /* test_can_read.mm in Sources */,
				44912E7F27BD9714000EE31D /* can_api.c in Sources */,
				44912E7927BD9707000EE31D /* test_can_firmware.mm in Sources */,
				44912E7227BD9707000EE31D /* test_can_reset.mm in Sources */,
				44912E8227BD9729000EE31D /* MacCAN_MsgQueue.c in Sources */,
				44912E7A27BD9707000EE31D /* test_can_exit.mm in Sources */,
				44912E6D27BD9707000EE31D /* Timer.cpp in Sources */,
				44912E7E27BD9707000EE31D /* Testing.mm in Sources */,
				44912E8327BD972D000EE31D /* MacCAN_Devices.c in Sources */,
				44912E7727BD9707000EE31D /* test_can_hardware.mm in Sources */,
				44912E6F27BD9707000EE31D /* test_can_test.mm in Sources */,
				44912E7827BD9707000EE31D /* test_can_bitrate.mm in Sources */,
				44912E7B27BD9707000EE31D /* test_can_init.mm in Sources */,
				44912E8127BD9725000EE31D /* MacCAN_IOUsbKit.c in Sources */,
				44912E8627BD973D000EE31D /* TouCAN_USB.c in Sources */,
				44912E6E27BD9707000EE31D /* test_can_version.mm in Sources */,
			);
			runOnlyForDeploymentPostprocessing = 0;
		};
/* End PBXSourcesBuildPhase section */

/* Begin XCBuildConfiguration section */
		0F60A9C223F7FDD700D34D0E /* Debug */ = {
			isa = XCBuildConfiguration;
			buildSettings = {
				ALWAYS_SEARCH_USER_PATHS = NO;
				CLANG_ANALYZER_NONNULL = YES;
				CLANG_ANALYZER_NUMBER_OBJECT_CONVERSION = YES_AGGRESSIVE;
				CLANG_CXX_LANGUAGE_STANDARD = "gnu++14";
				CLANG_CXX_LIBRARY = "libc++";
				CLANG_ENABLE_MODULES = YES;
				CLANG_ENABLE_OBJC_ARC = YES;
				CLANG_ENABLE_OBJC_WEAK = YES;
				CLANG_WARN_BLOCK_CAPTURE_AUTORELEASING = YES;
				CLANG_WARN_BOOL_CONVERSION = YES;
				CLANG_WARN_COMMA = YES;
				CLANG_WARN_CONSTANT_CONVERSION = YES;
				CLANG_WARN_DEPRECATED_OBJC_IMPLEMENTATIONS = YES;
				CLANG_WARN_DIRECT_OBJC_ISA_USAGE = YES_ERROR;
				CLANG_WARN_DOCUMENTATION_COMMENTS = YES;
				CLANG_WARN_EMPTY_BODY = YES;
				CLANG_WARN_ENUM_CONVERSION = YES;
				CLANG_WARN_INFINITE_RECURSION = YES;
				CLANG_WARN_INT_CONVERSION = YES;
				CLANG_WARN_NON_LITERAL_NULL_CONVERSION = YES;
				CLANG_WARN_OBJC_IMPLICIT_RETAIN_SELF = YES;
				CLANG_WARN_OBJC_LITERAL_CONVERSION = YES;
				CLANG_WARN_OBJC_ROOT_CLASS = YES_ERROR;
				CLANG_WARN_QUOTED_INCLUDE_IN_FRAMEWORK_HEADER = YES;
				CLANG_WARN_RANGE_LOOP_ANALYSIS = YES;
				CLANG_WARN_STRICT_PROTOTYPES = YES;
				CLANG_WARN_SUSPICIOUS_MOVE = YES;
				CLANG_WARN_UNGUARDED_AVAILABILITY = YES_AGGRESSIVE;
				CLANG_WARN_UNREACHABLE_CODE = YES;
				CLANG_WARN__DUPLICATE_METHOD_MATCH = YES;
				COPY_PHASE_STRIP = NO;
				DEBUG_INFORMATION_FORMAT = dwarf;
				ENABLE_STRICT_OBJC_MSGSEND = YES;
				ENABLE_TESTABILITY = YES;
				GCC_C_LANGUAGE_STANDARD = gnu11;
				GCC_DYNAMIC_NO_PIC = NO;
				GCC_NO_COMMON_BLOCKS = YES;
				GCC_OPTIMIZATION_LEVEL = 0;
				GCC_PREPROCESSOR_DEFINITIONS = (
					"DEBUG=1",
					"$(inherited)",
					"OPTION_CAN_2_0_ONLY=0",
					"OPTION_CANAPI_DRIVER=1",
					"OPTION_CANAPI_RETVALS=0",
					"OPTION_CANAPI_COMPANIONS=1",
					"OPTION_MACCAN_LOGGER=1",
					"OPTION_MACCAN_MULTICHANNEL=0",
					"OPTION_MACCAN_PIPE_TIMEOUT=0",
					"OPTION_MACCAN_DEBUG_LEVEL=4",
					"OPTION_MACCAN_INSTRUMENTATION=0",
				);
				GCC_WARN_64_TO_32_BIT_CONVERSION = YES;
				GCC_WARN_ABOUT_RETURN_TYPE = YES_ERROR;
				GCC_WARN_UNDECLARED_SELECTOR = YES;
				GCC_WARN_UNINITIALIZED_AUTOS = YES_AGGRESSIVE;
				GCC_WARN_UNUSED_FUNCTION = YES;
				GCC_WARN_UNUSED_VARIABLE = YES;
				MACOSX_DEPLOYMENT_TARGET = 11.0;
				MTL_ENABLE_DEBUG_INFO = INCLUDE_SOURCE;
				MTL_FAST_MATH = YES;
				ONLY_ACTIVE_ARCH = YES;
				SDKROOT = macosx;
				USER_HEADER_SEARCH_PATHS = (
					../Sources,
					../Sources/CANAPI,
					../Sources/MacCAN,
					../Sources/Driver,
					../Sources/Wrapper,
				);
			};
			name = Debug;
		};
		0F60A9C323F7FDD700D34D0E /* Release */ = {
			isa = XCBuildConfiguration;
			buildSettings = {
				ALWAYS_SEARCH_USER_PATHS = NO;
				CLANG_ANALYZER_NONNULL = YES;
				CLANG_ANALYZER_NUMBER_OBJECT_CONVERSION = YES_AGGRESSIVE;
				CLANG_CXX_LANGUAGE_STANDARD = "gnu++14";
				CLANG_CXX_LIBRARY = "libc++";
				CLANG_ENABLE_MODULES = YES;
				CLANG_ENABLE_OBJC_ARC = YES;
				CLANG_ENABLE_OBJC_WEAK = YES;
				CLANG_WARN_BLOCK_CAPTURE_AUTORELEASING = YES;
				CLANG_WARN_BOOL_CONVERSION = YES;
				CLANG_WARN_COMMA = YES;
				CLANG_WARN_CONSTANT_CONVERSION = YES;
				CLANG_WARN_DEPRECATED_OBJC_IMPLEMENTATIONS = YES;
				CLANG_WARN_DIRECT_OBJC_ISA_USAGE = YES_ERROR;
				CLANG_WARN_DOCUMENTATION_COMMENTS = YES;
				CLANG_WARN_EMPTY_BODY = YES;
				CLANG_WARN_ENUM_CONVERSION = YES;
				CLANG_WARN_INFINITE_RECURSION = YES;
				CLANG_WARN_INT_CONVERSION = YES;
				CLANG_WARN_NON_LITERAL_NULL_CONVERSION = YES;
				CLANG_WARN_OBJC_IMPLICIT_RETAIN_SELF = YES;
				CLANG_WARN_OBJC_LITERAL_CONVERSION = YES;
				CLANG_WARN_OBJC_ROOT_CLASS = YES_ERROR;
				CLANG_WARN_QUOTED_INCLUDE_IN_FRAMEWORK_HEADER = YES;
				CLANG_WARN_RANGE_LOOP_ANALYSIS = YES;
				CLANG_WARN_STRICT_PROTOTYPES = YES;
				CLANG_WARN_SUSPICIOUS_MOVE = YES;
				CLANG_WARN_UNGUARDED_AVAILABILITY = YES_AGGRESSIVE;
				CLANG_WARN_UNREACHABLE_CODE = YES;
				CLANG_WARN__DUPLICATE_METHOD_MATCH = YES;
				COPY_PHASE_STRIP = NO;
				DEBUG_INFORMATION_FORMAT = "dwarf-with-dsym";
				ENABLE_NS_ASSERTIONS = NO;
				ENABLE_STRICT_OBJC_MSGSEND = YES;
				GCC_C_LANGUAGE_STANDARD = gnu11;
				GCC_NO_COMMON_BLOCKS = YES;
				GCC_PREPROCESSOR_DEFINITIONS = (
					"OPTION_CAN_2_0_ONLY=0",
					"OPTION_CANAPI_DRIVER=1",
					"OPTION_CANAPI_RETVALS=0",
					"OPTION_CANAPI_COMPANIONS=1",
					"OPTION_MACCAN_LOGGER=0",
					"OPTION_MACCAN_MULTICHANNEL=0",
					"OPTION_MACCAN_PIPE_TIMEOUT=0",
					"OPTION_MACCAN_DEBUG_LEVEL=0",
					"OPTION_MACCAN_INSTRUMENTATION=0",
				);
				GCC_WARN_64_TO_32_BIT_CONVERSION = YES;
				GCC_WARN_ABOUT_RETURN_TYPE = YES_ERROR;
				GCC_WARN_UNDECLARED_SELECTOR = YES;
				GCC_WARN_UNINITIALIZED_AUTOS = YES_AGGRESSIVE;
				GCC_WARN_UNUSED_FUNCTION = YES;
				GCC_WARN_UNUSED_VARIABLE = YES;
				MACOSX_DEPLOYMENT_TARGET = 11.0;
				MTL_ENABLE_DEBUG_INFO = NO;
				MTL_FAST_MATH = YES;
				SDKROOT = macosx;
				USER_HEADER_SEARCH_PATHS = (
					../Sources,
					../Sources/CANAPI,
					../Sources/MacCAN,
					../Sources/Driver,
					../Sources/Wrapper,
				);
			};
			name = Release;
		};
		0F60A9C523F7FDD700D34D0E /* Debug */ = {
			isa = XCBuildConfiguration;
			buildSettings = {
				CODE_SIGN_IDENTITY = "-";
				CODE_SIGN_STYLE = Automatic;
				PRODUCT_NAME = "$(TARGET_NAME)";
			};
			name = Debug;
		};
		0F60A9C623F7FDD700D34D0E /* Release */ = {
			isa = XCBuildConfiguration;
			buildSettings = {
				CODE_SIGN_IDENTITY = "-";
				CODE_SIGN_STYLE = Automatic;
				PRODUCT_NAME = "$(TARGET_NAME)";
			};
			name = Release;
		};
		44912E5227BD95B0000EE31D /* Debug */ = {
			isa = XCBuildConfiguration;
			buildSettings = {
				CLANG_CXX_LANGUAGE_STANDARD = "gnu++17";
				CODE_SIGN_STYLE = Automatic;
				CURRENT_PROJECT_VERSION = 1;
				GCC_PREPROCESSOR_DEFINITIONS = (
					"DEBUG=1",
					"$(inherited)",
				);
				GENERATE_INFOPLIST_FILE = YES;
				MACOSX_DEPLOYMENT_TARGET = 11.0;
				MARKETING_VERSION = 1.0;
				PRODUCT_BUNDLE_IDENTIFIER = "uv-software.Testing";
				PRODUCT_NAME = "$(TARGET_NAME)";
				SWIFT_EMIT_LOC_STRINGS = NO;
			};
			name = Debug;
		};
		44912E5327BD95B0000EE31D /* Release */ = {
			isa = XCBuildConfiguration;
			buildSettings = {
				CLANG_CXX_LANGUAGE_STANDARD = "gnu++17";
				CODE_SIGN_STYLE = Automatic;
				CURRENT_PROJECT_VERSION = 1;
				GENERATE_INFOPLIST_FILE = YES;
				MACOSX_DEPLOYMENT_TARGET = 11.0;
				MARKETING_VERSION = 1.0;
				PRODUCT_BUNDLE_IDENTIFIER = "uv-software.Testing";
				PRODUCT_NAME = "$(TARGET_NAME)";
				SWIFT_EMIT_LOC_STRINGS = NO;
			};
			name = Release;
		};
/* End XCBuildConfiguration section */

/* Begin XCConfigurationList section */
		0F60A9B823F7FDD700D34D0E /* Build configuration list for PBXProject "TouCAN" */ = {
			isa = XCConfigurationList;
			buildConfigurations = (
				0F60A9C223F7FDD700D34D0E /* Debug */,
				0F60A9C323F7FDD700D34D0E /* Release */,
			);
			defaultConfigurationIsVisible = 0;
			defaultConfigurationName = Release;
		};
		0F60A9C423F7FDD700D34D0E /* Build configuration list for PBXNativeTarget "TouCAN" */ = {
			isa = XCConfigurationList;
			buildConfigurations = (
				0F60A9C523F7FDD700D34D0E /* Debug */,
				0F60A9C623F7FDD700D34D0E /* Release */,
			);
			defaultConfigurationIsVisible = 0;
			defaultConfigurationName = Release;
		};
		44912E5427BD95B0000EE31D /* Build configuration list for PBXNativeTarget "Testing" */ = {
			isa = XCConfigurationList;
			buildConfigurations = (
				44912E5227BD95B0000EE31D /* Debug */,
				44912E5327BD95B0000EE31D /* Release */,
			);
			defaultConfigurationIsVisible = 0;
			defaultConfigurationName = Release;
		};
/* End XCConfigurationList section */
	};
	rootObject = 0F60A9B523F7FDD700D34D0E /* Project object */;
}
